
Microsoft Visual Studio Solution File, Format Version 12.00
# Visual Studio Version 17
VisualStudioVersion = 17.14.36301.6 d17.14
MinimumVisualStudioVersion = 10.0.40219.1
Project("{54A90642-561A-4BB1-A94E-469ADEE60C69}") = "portfoliowebapp.client", "portfoliowebapp.client\portfoliowebapp.client.esproj", "{1EE057E1-DF00-7AA0-577B-674A9749512B}"
EndProject
Project("{FAE04EC0-301F-11D3-BF4B-00C04F79EFBC}") = "PortfolioWebApp.Server", "PortfolioWebApp.Server\PortfolioWebApp.Server.csproj", "{44DB7F54-584A-4478-B60F-A34F84C3913C}"
EndProject
Global
	GlobalSection(SolutionConfigurationPlatforms) = preSolution
		Debug|Any CPU = Debug|Any CPU
		Release|Any CPU = Release|Any CPU
	EndGlobalSection
	GlobalSection(ProjectConfigurationPlatforms) = postSolution
		{1EE057E1-DF00-7AA0-577B-674A9749512B}.Debug|Any CPU.ActiveCfg = Debug|Any CPU
		{1EE057E1-DF00-7AA0-577B-674A9749512B}.Debug|Any CPU.Build.0 = Debug|Any CPU
		{1EE057E1-DF00-7AA0-577B-674A9749512B}.Debug|Any CPU.Deploy.0 = Debug|Any CPU
		{1EE057E1-DF00-7AA0-577B-674A9749512B}.Release|Any CPU.ActiveCfg = Release|Any CPU
		{1EE057E1-DF00-7AA0-577B-674A9749512B}.Release|Any CPU.Build.0 = Release|Any CPU
		{1EE057E1-DF00-7AA0-577B-674A9749512B}.Release|Any CPU.Deploy.0 = Release|Any CPU
		{44DB7F54-584A-4478-B60F-A34F84C3913C}.Debug|Any CPU.ActiveCfg = Debug|Any CPU
		{44DB7F54-584A-4478-B60F-A34F84C3913C}.Debug|Any CPU.Build.0 = Debug|Any CPU
		{44DB7F54-584A-4478-B60F-A34F84C3913C}.Release|Any CPU.ActiveCfg = Release|Any CPU
		{44DB7F54-584A-4478-B60F-A34F84C3913C}.Release|Any CPU.Build.0 = Release|Any CPU
	EndGlobalSection
	GlobalSection(SolutionProperties) = preSolution
		HideSolutionNode = FALSE
	EndGlobalSection
	GlobalSection(ExtensibilityGlobals) = postSolution
		SolutionGuid = {DB8FF04B-DEFA-413E-ADEE-54FC1AC035C7}
	EndGlobalSection
EndGlobal
